{
  "name": "discord-rando-poke-bot",
  "version": "1.0.0",
  "lockfileVersion": 3,
  "requires": true,
  "packages": {
    "": {
      "name": "discord-rando-poke-bot",
      "version": "1.0.0",
      "license": "ISC",
      "dependencies": {
        "@napi-rs/canvas": "^0.1.52",
        "cron": "^3.1.7",
        "dotenv": "^16.4.5",
        "serverboy": "^0.0.7"
      }
    },
    "node_modules/@napi-rs/canvas": {
      "version": "0.1.52",
      "resolved": "https://registry.npmjs.org/@napi-rs/canvas/-/canvas-0.1.52.tgz",
      "integrity": "sha512-xeW9EghZLDPZuqWJ4l1+eG3ld0i9J7SpV2zlgi34MPt/FE9K2XWGCfnLr0gHGOBkcI3YOVhI13I0HqRAkMPdVw==",
      "engines": {
        "node": ">= 10"
      },
      "optionalDependencies": {
        "@napi-rs/canvas-android-arm64": "0.1.52",
        "@napi-rs/canvas-darwin-arm64": "0.1.52",
        "@napi-rs/canvas-darwin-x64": "0.1.52",
        "@napi-rs/canvas-linux-arm-gnueabihf": "0.1.52",
        "@napi-rs/canvas-linux-arm64-gnu": "0.1.52",
        "@napi-rs/canvas-linux-arm64-musl": "0.1.52",
        "@napi-rs/canvas-linux-x64-gnu": "0.1.52",
        "@napi-rs/canvas-linux-x64-musl": "0.1.52",
        "@napi-rs/canvas-win32-x64-msvc": "0.1.52"
      }
    },
    "node_modules/@napi-rs/canvas-android-arm64": {
      "version": "0.1.52",
      "resolved": "https://registry.npmjs.org/@napi-rs/canvas-android-arm64/-/canvas-android-arm64-0.1.52.tgz",
      "integrity": "sha512-x/K471KbASPVh5mfBUxokza66J0FNIlOgMNANWAf5C8HiATb487KecEhSkUQvvTS3WLYC9uSqIPHFgwF+tir3w==",
      "cpu": [
        "arm64"
      ],
      "optional": true,
      "os": [
        "android"
      ],
      "engines": {
        "node": ">= 10"
      }
    },
    "node_modules/@napi-rs/canvas-darwin-arm64": {
      "version": "0.1.52",
      "resolved": "https://registry.npmjs.org/@napi-rs/canvas-darwin-arm64/-/canvas-darwin-arm64-0.1.52.tgz",
      "integrity": "sha512-4OgVRD7TW02q5Q7lWLLjT+pYJ9ZHkQUTBOuXbPQ5wB0Wnh3RIq/aMY6thoXDZDzdR5vV3a5TUtbZUJ0aqLq3NA==",
      "cpu": [
        "arm64"
      ],
      "optional": true,
      "os": [
        "darwin"
      ],
      "engines": {
        "node": ">= 10"
      }
    },
    "node_modules/@napi-rs/canvas-darwin-x64": {
      "version": "0.1.52",
      "resolved": "https://registry.npmjs.org/@napi-rs/canvas-darwin-x64/-/canvas-darwin-x64-0.1.52.tgz",
      "integrity": "sha512-3fgeGJ3j2X6Mtmn0QYf3iA+A6y1ePnsayakc2emEokzf03ErrPczONw3vjnTQo53JLPMzEnfPGAffdktU/ssPA==",
      "cpu": [
        "x64"
      ],
      "optional": true,
      "os": [
        "darwin"
      ],
      "engines": {
        "node": ">= 10"
      }
    },
    "node_modules/@napi-rs/canvas-linux-arm-gnueabihf": {
      "version": "0.1.52",
      "resolved": "https://registry.npmjs.org/@napi-rs/canvas-linux-arm-gnueabihf/-/canvas-linux-arm-gnueabihf-0.1.52.tgz",
      "integrity": "sha512-aaDEEK5XwHUrPt0q4SR8l7Va0vtn50KmSs+itxP+o7RNk3Nuch8fINHOXyhMyhwNYgv1tfiJVyHsJhD0E6lXGA==",
      "cpu": [
        "arm"
      ],
      "optional": true,
      "os": [
        "linux"
      ],
      "engines": {
        "node": ">= 10"
      }
    },
    "node_modules/@napi-rs/canvas-linux-arm64-gnu": {
      "version": "0.1.52",
      "resolved": "https://registry.npmjs.org/@napi-rs/canvas-linux-arm64-gnu/-/canvas-linux-arm64-gnu-0.1.52.tgz",
      "integrity": "sha512-tzuwM7Amt5mkrp4csQjYWkFzwFdiCm7RNdJ5usX8syzKSXmozqWzLHjzo/2ozdSQNUy6wyzRrxkG4Rh6g0OpOA==",
      "cpu": [
        "arm64"
      ],
      "optional": true,
      "os": [
        "linux"
      ],
      "engines": {
        "node": ">= 10"
      }
    },
    "node_modules/@napi-rs/canvas-linux-arm64-musl": {
      "version": "0.1.52",
      "resolved": "https://registry.npmjs.org/@napi-rs/canvas-linux-arm64-musl/-/canvas-linux-arm64-musl-0.1.52.tgz",
      "integrity": "sha512-HQCtJlDT0dFp3uUZVzZOZ1VLMO7lbLRc548MjMxPpojit2ZdGopFzJ8jDSr4iszHrTO1SM1AxPaCM3pRvCAtjw==",
      "cpu": [
        "arm64"
      ],
      "optional": true,
      "os": [
        "linux"
      ],
      "engines": {
        "node": ">= 10"
      }
    },
    "node_modules/@napi-rs/canvas-linux-x64-gnu": {
      "version": "0.1.52",
      "resolved": "https://registry.npmjs.org/@napi-rs/canvas-linux-x64-gnu/-/canvas-linux-x64-gnu-0.1.52.tgz",
      "integrity": "sha512-z5sBEw0PVWPH/MIQL8hOR8C3YYVlu8lqtRUcYajigMfXAhbMiNqDWTjuIWGMz3nIydDjZmn8KTxw/D4a0HFPqQ==",
      "cpu": [
        "x64"
      ],
      "optional": true,
      "os": [
        "linux"
      ],
      "engines": {
        "node": ">= 10"
      }
    },
    "node_modules/@napi-rs/canvas-linux-x64-musl": {
      "version": "0.1.52",
      "resolved": "https://registry.npmjs.org/@napi-rs/canvas-linux-x64-musl/-/canvas-linux-x64-musl-0.1.52.tgz",
      "integrity": "sha512-G1+JdWFhHLyHhULJS51xTEhB7EL0ZiAUQwQaRi4/w75OOYDQ91O+o4miaxDHiV0hZuxBhHtZU6ftV2Zl3RMguw==",
      "cpu": [
        "x64"
      ],
      "optional": true,
      "os": [
        "linux"
      ],
      "engines": {
        "node": ">= 10"
      }
    },
    "node_modules/@napi-rs/canvas-win32-x64-msvc": {
      "version": "0.1.52",
      "resolved": "https://registry.npmjs.org/@napi-rs/canvas-win32-x64-msvc/-/canvas-win32-x64-msvc-0.1.52.tgz",
      "integrity": "sha512-hMI626VsCC/wv29qHF78N7TSG+auatOp08DHln0Zdif5y1NJ14NU/rNUhzlTW8Zc6ssw+AMDJ3KKYYWYYg1aoA==",
      "cpu": [
        "x64"
      ],
      "optional": true,
      "os": [
        "win32"
      ],
      "engines": {
        "node": ">= 10"
      }
    },
    "node_modules/@types/luxon": {
      "version": "3.4.2",
      "resolved": "https://registry.npmjs.org/@types/luxon/-/luxon-3.4.2.tgz",
      "integrity": "sha512-TifLZlFudklWlMBfhubvgqTXRzLDI5pCbGa4P8a3wPyUQSW+1xQ5eDsreP9DWHX3tjq1ke96uYG/nwundroWcA=="
    },
    "node_modules/cron": {
      "version": "3.1.7",
      "resolved": "https://registry.npmjs.org/cron/-/cron-3.1.7.tgz",
      "integrity": "sha512-tlBg7ARsAMQLzgwqVxy8AZl/qlTc5nibqYwtNGoCrd+cV+ugI+tvZC1oT/8dFH8W455YrywGykx/KMmAqOr7Jw==",
      "dependencies": {
        "@types/luxon": "~3.4.0",
        "luxon": "~3.4.0"
      }
    },
    "node_modules/dotenv": {
      "version": "16.4.5",
      "resolved": "https://registry.npmjs.org/dotenv/-/dotenv-16.4.5.tgz",
      "integrity": "sha512-ZmdL2rui+eB2YwhsWzjInR8LldtZHGDoQ1ugH85ppHKwpUHL7j7rN0Ti9NCnGiQbhaZ11FpR+7ao1dNsmduNUg==",
      "engines": {
        "node": ">=12"
      },
      "funding": {
        "url": "https://dotenvx.com"
      }
    },
    "node_modules/luxon": {
      "version": "3.4.4",
      "resolved": "https://registry.npmjs.org/luxon/-/luxon-3.4.4.tgz",
      "integrity": "sha512-zobTr7akeGHnv7eBOXcRgMeCP6+uyYsczwmeRCauvpvaAltgNyTbLH/+VaEAPUeWBT+1GuNmz4wC/6jtQzbbVA==",
      "engines": {
        "node": ">=12"
      }
    },
    "node_modules/serverboy": {
      "version": "0.0.7",
      "resolved": "https://registry.npmjs.org/serverboy/-/serverboy-0.0.7.tgz",
      "integrity": "sha512-Ghisf4cx60q0hmR5LbsNybvWJICGSCyrktTB4v6f6AlmIL/mwAuua6kYMbPc+uowAEyDy7Sn7ZawlF2RjJK1dg=="
    }
  }
}
